
Microsoft Visual Studio Solution File, Format Version 12.00
# Visual Studio Version 16
VisualStudioVersion = 16.0.30611.23
MinimumVisualStudioVersion = 10.0.40219.1
Project("{FAE04EC0-301F-11D3-BF4B-00C04F79EFBC}") = "Aplicatie_web", "Aplicatie_web.csproj", "{2AE53EF5-2A73-44D8-86EF-6F5529102C85}"
EndProject
Global
	GlobalSection(SolutionConfigurationPlatforms) = preSolution
		Debug|Any CPU = Debug|Any CPU
		Release|Any CPU = Release|Any CPU
	EndGlobalSection
	GlobalSection(ProjectConfigurationPlatforms) = postSolution
		{2AE53EF5-2A73-44D8-86EF-6F5529102C85}.Debug|Any CPU.ActiveCfg = Debug|Any CPU
		{2AE53EF5-2A73-44D8-86EF-6F5529102C85}.Debug|Any CPU.Build.0 = Debug|Any CPU
		{2AE53EF5-2A73-44D8-86EF-6F5529102C85}.Release|Any CPU.ActiveCfg = Release|Any CPU
		{2AE53EF5-2A73-44D8-86EF-6F5529102C85}.Release|Any CPU.Build.0 = Release|Any CPU
	EndGlobalSection
	GlobalSection(SolutionProperties) = preSolution
		HideSolutionNode = FALSE
	EndGlobalSection
	GlobalSection(ExtensibilityGlobals) = postSolution
		SolutionGuid = {F7E7F506-070B-4812-A27C-BC02CED5FBAE}
	EndGlobalSection
EndGlobal
